// !$*UTF8*$!
{
	archiveVersion = 1;
	classes = {
	};
	objectVersion = 77;
	objects = {

/* Begin PBXCopyFilesBuildPhase section */
		279AEE812DF7517A002E3BE3 /* CopyFiles */ = {
			isa = PBXCopyFilesBuildPhase;
			buildActionMask = 2147483647;
			dstPath = /usr/share/man/man1/;
			dstSubfolderSpec = 0;
			files = (
			);
			runOnlyForDeploymentPostprocessing = 1;
		};
/* End PBXCopyFilesBuildPhase section */

/* Begin PBXFileReference section */
		279AEE832DF7517A002E3BE3 /* Pokemon Terminal Game */ = {isa = PBXFileReference; explicitFileType = "compiled.mach-o.executable"; includeInIndex = 0; path = "Pokemon Terminal Game"; sourceTree = BUILT_PRODUCTS_DIR; };
		27DA390C2DFDB50600BBA99B /* PokemonTerminalGameTests.xctest */ = {isa = PBXFileReference; explicitFileType = wrapper.cfbundle; includeInIndex = 0; path = PokemonTerminalGameTests.xctest; sourceTree = BUILT_PRODUCTS_DIR; };
/* End PBXFileReference section */

/* Begin PBXFileSystemSynchronizedBuildFileExceptionSet section */
		27F2AE352DFDCC830007F985 /* Exceptions for "Pokemon Terminal Game" folder in "PokemonTerminalGameTests" target */ = {
			isa = PBXFileSystemSynchronizedBuildFileExceptionSet;
			membershipExceptions = (
				Data/Pokemon/Model/AsciiPokemonArt.swift,
				Data/Pokemon/Model/Pokemon.swift,
				Data/Pokemon/Model/PokeType.swift,
				Data/Pokemon/PokeFactory.swift,
				Data/Pokemon/PokemonRawData.swift,
				main.swift,
				UI/Messages.swift,
				UI/StdTerminalIO.swift,
				"Utilities/Extensions/Pokemon+Battle.swift",
				"Utilities/Extensions/Pokemon+Capture.swift",
				Utilities/Extensions/TerminalIOHelper.swift,
				Utilities/PokeParser.swift,
				Utilities/Protocols/Battle.swift,
				Utilities/Protocols/Capture.swift,
				Utilities/Protocols/GameState.swift,
				Utilities/Protocols/TerminalIO.swift,
			);
			target = 27DA390B2DFDB50600BBA99B /* PokemonTerminalGameTests */;
		};
/* End PBXFileSystemSynchronizedBuildFileExceptionSet section */

/* Begin PBXFileSystemSynchronizedRootGroup section */
		279AEE852DF7517A002E3BE3 /* Pokemon Terminal Game */ = {
			isa = PBXFileSystemSynchronizedRootGroup;
			exceptions = (
				27F2AE352DFDCC830007F985 /* Exceptions for "Pokemon Terminal Game" folder in "PokemonTerminalGameTests" target */,
			);
			path = "Pokemon Terminal Game";
			sourceTree = "<group>";
		};
		27DA390D2DFDB50600BBA99B /* PokemonTerminalGameTests */ = {
			isa = PBXFileSystemSynchronizedRootGroup;
			path = PokemonTerminalGameTests;
			sourceTree = "<group>";
		};
/* End PBXFileSystemSynchronizedRootGroup section */

/* Begin PBXFrameworksBuildPhase section */
		279AEE802DF7517A002E3BE3 /* Frameworks */ = {
			isa = PBXFrameworksBuildPhase;
			buildActionMask = 2147483647;
			files = (
			);
			runOnlyForDeploymentPostprocessing = 0;
		};
		27DA39092DFDB50600BBA99B /* Frameworks */ = {
			isa = PBXFrameworksBuildPhase;
			buildActionMask = 2147483647;
			files = (
			);
			runOnlyForDeploymentPostprocessing = 0;
		};
/* End PBXFrameworksBuildPhase section */

/* Begin PBXGroup section */
		279AEE7A2DF7517A002E3BE3 = {
			isa = PBXGroup;
			children = (
				279AEE852DF7517A002E3BE3 /* Pokemon Terminal Game */,
				27DA390D2DFDB50600BBA99B /* PokemonTerminalGameTests */,
				279AEE842DF7517A002E3BE3 /* Products */,
			);
			sourceTree = "<group>";
		};
		279AEE842DF7517A002E3BE3 /* Products */ = {
			isa = PBXGroup;
			children = (
				279AEE832DF7517A002E3BE3 /* Pokemon Terminal Game */,
				27DA390C2DFDB50600BBA99B /* PokemonTerminalGameTests.xctest */,
			);
			name = Products;
			sourceTree = "<group>";
		};
/* End PBXGroup section */

/* Begin PBXNativeTarget section */
		279AEE822DF7517A002E3BE3 /* Pokemon Terminal Game */ = {
			isa = PBXNativeTarget;
			buildConfigurationList = 279AEE8A2DF7517A002E3BE3 /* Build configuration list for PBXNativeTarget "Pokemon Terminal Game" */;
			buildPhases = (
				279AEE7F2DF7517A002E3BE3 /* Sources */,
				279AEE802DF7517A002E3BE3 /* Frameworks */,
				279AEE812DF7517A002E3BE3 /* CopyFiles */,
			);
			buildRules = (
			);
			dependencies = (
			);
			fileSystemSynchronizedGroups = (
				279AEE852DF7517A002E3BE3 /* Pokemon Terminal Game */,
			);
			name = "Pokemon Terminal Game";
			packageProductDependencies = (
			);
			productName = "Pokemon Terminal Game";
			productReference = 279AEE832DF7517A002E3BE3 /* Pokemon Terminal Game */;
			productType = "com.apple.product-type.tool";
		};
		27DA390B2DFDB50600BBA99B /* PokemonTerminalGameTests */ = {
			isa = PBXNativeTarget;
			buildConfigurationList = 27DA39122DFDB50600BBA99B /* Build configuration list for PBXNativeTarget "PokemonTerminalGameTests" */;
			buildPhases = (
				27DA39082DFDB50600BBA99B /* Sources */,
				27DA39092DFDB50600BBA99B /* Frameworks */,
				27DA390A2DFDB50600BBA99B /* Resources */,
			);
			buildRules = (
			);
			dependencies = (
			);
			fileSystemSynchronizedGroups = (
				27DA390D2DFDB50600BBA99B /* PokemonTerminalGameTests */,
			);
			name = PokemonTerminalGameTests;
			packageProductDependencies = (
			);
			productName = PokemonTerminalGameTests;
			productReference = 27DA390C2DFDB50600BBA99B /* PokemonTerminalGameTests.xctest */;
			productType = "com.apple.product-type.bundle.unit-test";
		};
/* End PBXNativeTarget section */

/* Begin PBXProject section */
		279AEE7B2DF7517A002E3BE3 /* Project object */ = {
			isa = PBXProject;
			attributes = {
				BuildIndependentTargetsInParallel = 1;
				LastSwiftUpdateCheck = 1640;
				LastUpgradeCheck = 1640;
				TargetAttributes = {
					279AEE822DF7517A002E3BE3 = {
						CreatedOnToolsVersion = 16.4;
					};
					27DA390B2DFDB50600BBA99B = {
						CreatedOnToolsVersion = 16.4;
					};
				};
			};
			buildConfigurationList = 279AEE7E2DF7517A002E3BE3 /* Build configuration list for PBXProject "Pokemon Terminal Game" */;
			developmentRegion = en;
			hasScannedForEncodings = 0;
			knownRegions = (
				en,
				Base,
			);
			mainGroup = 279AEE7A2DF7517A002E3BE3;
			minimizedProjectReferenceProxies = 1;
			preferredProjectObjectVersion = 77;
			productRefGroup = 279AEE842DF7517A002E3BE3 /* Products */;
			projectDirPath = "";
			projectRoot = "";
			targets = (
				279AEE822DF7517A002E3BE3 /* Pokemon Terminal Game */,
				27DA390B2DFDB50600BBA99B /* PokemonTerminalGameTests */,
			);
		};
/* End PBXProject section */

/* Begin PBXResourcesBuildPhase section */
		27DA390A2DFDB50600BBA99B /* Resources */ = {
			isa = PBXResourcesBuildPhase;
			buildActionMask = 2147483647;
			files = (
			);
			runOnlyForDeploymentPostprocessing = 0;
		};
/* End PBXResourcesBuildPhase section */

/* Begin PBXSourcesBuildPhase section */
		279AEE7F2DF7517A002E3BE3 /* Sources */ = {
			isa = PBXSourcesBuildPhase;
			buildActionMask = 2147483647;
			files = (
			);
			runOnlyForDeploymentPostprocessing = 0;
		};
		27DA39082DFDB50600BBA99B /* Sources */ = {
			isa = PBXSourcesBuildPhase;
			buildActionMask = 2147483647;
			files = (
			);
			runOnlyForDeploymentPostprocessing = 0;
		};
/* End PBXSourcesBuildPhase section */

/* Begin XCBuildConfiguration section */
		279AEE882DF7517A002E3BE3 /* Debug */ = {
			isa = XCBuildConfiguration;
			buildSettings = {
				ALWAYS_SEARCH_USER_PATHS = NO;
				ASSETCATALOG_COMPILER_GENERATE_SWIFT_ASSET_SYMBOL_EXTENSIONS = YES;
				CLANG_ANALYZER_NONNULL = YES;
				CLANG_ANALYZER_NUMBER_OBJECT_CONVERSION = YES_AGGRESSIVE;
				CLANG_CXX_LANGUAGE_STANDARD = "gnu++20";
				CLANG_ENABLE_MODULES = YES;
				CLANG_ENABLE_OBJC_ARC = YES;
				CLANG_ENABLE_OBJC_WEAK = YES;
				CLANG_WARN_BLOCK_CAPTURE_AUTORELEASING = YES;
				CLANG_WARN_BOOL_CONVERSION = YES;
				CLANG_WARN_COMMA = YES;
				CLANG_WARN_CONSTANT_CONVERSION = YES;
				CLANG_WARN_DEPRECATED_OBJC_IMPLEMENTATIONS = YES;
				CLANG_WARN_DIRECT_OBJC_ISA_USAGE = YES_ERROR;
				CLANG_WARN_DOCUMENTATION_COMMENTS = YES;
				CLANG_WARN_EMPTY_BODY = YES;
				CLANG_WARN_ENUM_CONVERSION = YES;
				CLANG_WARN_INFINITE_RECURSION = YES;
				CLANG_WARN_INT_CONVERSION = YES;
				CLANG_WARN_NON_LITERAL_NULL_CONVERSION = YES;
				CLANG_WARN_OBJC_IMPLICIT_RETAIN_SELF = YES;
				CLANG_WARN_OBJC_LITERAL_CONVERSION = YES;
				CLANG_WARN_OBJC_ROOT_CLASS = YES_ERROR;
				CLANG_WARN_QUOTED_INCLUDE_IN_FRAMEWORK_HEADER = YES;
				CLANG_WARN_RANGE_LOOP_ANALYSIS = YES;
				CLANG_WARN_STRICT_PROTOTYPES = YES;
				CLANG_WARN_SUSPICIOUS_MOVE = YES;
				CLANG_WARN_UNGUARDED_AVAILABILITY = YES_AGGRESSIVE;
				CLANG_WARN_UNREACHABLE_CODE = YES;
				CLANG_WARN__DUPLICATE_METHOD_MATCH = YES;
				COPY_PHASE_STRIP = NO;
				DEBUG_INFORMATION_FORMAT = dwarf;
				DEFINES_MODULE = YES;
				ENABLE_STRICT_OBJC_MSGSEND = YES;
				ENABLE_TESTABILITY = YES;
				ENABLE_USER_SCRIPT_SANDBOXING = YES;
				GCC_C_LANGUAGE_STANDARD = gnu17;
				GCC_DYNAMIC_NO_PIC = NO;
				GCC_NO_COMMON_BLOCKS = YES;
				GCC_OPTIMIZATION_LEVEL = 0;
				GCC_PREPROCESSOR_DEFINITIONS = (
					"DEBUG=1",
					"$(inherited)",
				);
				GCC_WARN_64_TO_32_BIT_CONVERSION = YES;
				GCC_WARN_ABOUT_RETURN_TYPE = YES_ERROR;
				GCC_WARN_UNDECLARED_SELECTOR = YES;
				GCC_WARN_UNINITIALIZED_AUTOS = YES_AGGRESSIVE;
				GCC_WARN_UNUSED_FUNCTION = YES;
				GCC_WARN_UNUSED_VARIABLE = YES;
				LOCALIZATION_PREFERS_STRING_CATALOGS = YES;
				MACOSX_DEPLOYMENT_TARGET = 15.5;
				MTL_ENABLE_DEBUG_INFO = INCLUDE_SOURCE;
				MTL_FAST_MATH = YES;
				ONLY_ACTIVE_ARCH = YES;
				SDKROOT = macosx;
				SWIFT_ACTIVE_COMPILATION_CONDITIONS = "DEBUG $(inherited)";
				SWIFT_OPTIMIZATION_LEVEL = "-Onone";
			};
			name = Debug;
		};
		279AEE892DF7517A002E3BE3 /* Release */ = {
			isa = XCBuildConfiguration;
			buildSettings = {
				ALWAYS_SEARCH_USER_PATHS = NO;
				ASSETCATALOG_COMPILER_GENERATE_SWIFT_ASSET_SYMBOL_EXTENSIONS = YES;
				CLANG_ANALYZER_NONNULL = YES;
				CLANG_ANALYZER_NUMBER_OBJECT_CONVERSION = YES_AGGRESSIVE;
				CLANG_CXX_LANGUAGE_STANDARD = "gnu++20";
				CLANG_ENABLE_MODULES = YES;
				CLANG_ENABLE_OBJC_ARC = YES;
				CLANG_ENABLE_OBJC_WEAK = YES;
				CLANG_WARN_BLOCK_CAPTURE_AUTORELEASING = YES;
				CLANG_WARN_BOOL_CONVERSION = YES;
				CLANG_WARN_COMMA = YES;
				CLANG_WARN_CONSTANT_CONVERSION = YES;
				CLANG_WARN_DEPRECATED_OBJC_IMPLEMENTATIONS = YES;
				CLANG_WARN_DIRECT_OBJC_ISA_USAGE = YES_ERROR;
				CLANG_WARN_DOCUMENTATION_COMMENTS = YES;
				CLANG_WARN_EMPTY_BODY = YES;
				CLANG_WARN_ENUM_CONVERSION = YES;
				CLANG_WARN_INFINITE_RECURSION = YES;
				CLANG_WARN_INT_CONVERSION = YES;
				CLANG_WARN_NON_LITERAL_NULL_CONVERSION = YES;
				CLANG_WARN_OBJC_IMPLICIT_RETAIN_SELF = YES;
				CLANG_WARN_OBJC_LITERAL_CONVERSION = YES;
				CLANG_WARN_OBJC_ROOT_CLASS = YES_ERROR;
				CLANG_WARN_QUOTED_INCLUDE_IN_FRAMEWORK_HEADER = YES;
				CLANG_WARN_RANGE_LOOP_ANALYSIS = YES;
				CLANG_WARN_STRICT_PROTOTYPES = YES;
				CLANG_WARN_SUSPICIOUS_MOVE = YES;
				CLANG_WARN_UNGUARDED_AVAILABILITY = YES_AGGRESSIVE;
				CLANG_WARN_UNREACHABLE_CODE = YES;
				CLANG_WARN__DUPLICATE_METHOD_MATCH = YES;
				COPY_PHASE_STRIP = NO;
				DEBUG_INFORMATION_FORMAT = "dwarf-with-dsym";
				DEFINES_MODULE = YES;
				ENABLE_NS_ASSERTIONS = NO;
				ENABLE_STRICT_OBJC_MSGSEND = YES;
				ENABLE_USER_SCRIPT_SANDBOXING = YES;
				GCC_C_LANGUAGE_STANDARD = gnu17;
				GCC_NO_COMMON_BLOCKS = YES;
				GCC_WARN_64_TO_32_BIT_CONVERSION = YES;
				GCC_WARN_ABOUT_RETURN_TYPE = YES_ERROR;
				GCC_WARN_UNDECLARED_SELECTOR = YES;
				GCC_WARN_UNINITIALIZED_AUTOS = YES_AGGRESSIVE;
				GCC_WARN_UNUSED_FUNCTION = YES;
				GCC_WARN_UNUSED_VARIABLE = YES;
				LOCALIZATION_PREFERS_STRING_CATALOGS = YES;
				MACOSX_DEPLOYMENT_TARGET = 15.5;
				MTL_ENABLE_DEBUG_INFO = NO;
				MTL_FAST_MATH = YES;
				SDKROOT = macosx;
				SWIFT_COMPILATION_MODE = wholemodule;
			};
			name = Release;
		};
		279AEE8B2DF7517A002E3BE3 /* Debug */ = {
			isa = XCBuildConfiguration;
			buildSettings = {
				CODE_SIGN_STYLE = Automatic;
				PRODUCT_NAME = "$(TARGET_NAME)";
				SWIFT_VERSION = 5.0;
			};
			name = Debug;
		};
		279AEE8C2DF7517A002E3BE3 /* Release */ = {
			isa = XCBuildConfiguration;
			buildSettings = {
				CODE_SIGN_STYLE = Automatic;
				PRODUCT_NAME = "$(TARGET_NAME)";
				SWIFT_VERSION = 5.0;
			};
			name = Release;
		};
		27DA39102DFDB50600BBA99B /* Debug */ = {
			isa = XCBuildConfiguration;
			buildSettings = {
				CODE_SIGN_STYLE = Automatic;
				CURRENT_PROJECT_VERSION = 1;
				GENERATE_INFOPLIST_FILE = YES;
				MARKETING_VERSION = 1.0;
				PRODUCT_BUNDLE_IDENTIFIER = "Joshua-Scherer.PokemonTerminalGameTests";
				PRODUCT_NAME = "$(TARGET_NAME)";
				SWIFT_EMIT_LOC_STRINGS = NO;
				SWIFT_VERSION = 5.0;
			};
			name = Debug;
		};
		27DA39112DFDB50600BBA99B /* Release */ = {
			isa = XCBuildConfiguration;
			buildSettings = {
				CODE_SIGN_STYLE = Automatic;
				CURRENT_PROJECT_VERSION = 1;
				GENERATE_INFOPLIST_FILE = YES;
				MARKETING_VERSION = 1.0;
				PRODUCT_BUNDLE_IDENTIFIER = "Joshua-Scherer.PokemonTerminalGameTests";
				PRODUCT_NAME = "$(TARGET_NAME)";
				SWIFT_EMIT_LOC_STRINGS = NO;
				SWIFT_VERSION = 5.0;
			};
			name = Release;
		};
/* End XCBuildConfiguration section */

/* Begin XCConfigurationList section */
		279AEE7E2DF7517A002E3BE3 /* Build configuration list for PBXProject "Pokemon Terminal Game" */ = {
			isa = XCConfigurationList;
			buildConfigurations = (
				279AEE882DF7517A002E3BE3 /* Debug */,
				279AEE892DF7517A002E3BE3 /* Release */,
			);
			defaultConfigurationIsVisible = 0;
			defaultConfigurationName = Release;
		};
		279AEE8A2DF7517A002E3BE3 /* Build configuration list for PBXNativeTarget "Pokemon Terminal Game" */ = {
			isa = XCConfigurationList;
			buildConfigurations = (
				279AEE8B2DF7517A002E3BE3 /* Debug */,
				279AEE8C2DF7517A002E3BE3 /* Release */,
			);
			defaultConfigurationIsVisible = 0;
			defaultConfigurationName = Release;
		};
		27DA39122DFDB50600BBA99B /* Build configuration list for PBXNativeTarget "PokemonTerminalGameTests" */ = {
			isa = XCConfigurationList;
			buildConfigurations = (
				27DA39102DFDB50600BBA99B /* Debug */,
				27DA39112DFDB50600BBA99B /* Release */,
			);
			defaultConfigurationIsVisible = 0;
			defaultConfigurationName = Release;
		};
/* End XCConfigurationList section */
	};
	rootObject = 279AEE7B2DF7517A002E3BE3 /* Project object */;
}
